// !$*UTF8*$!
{
	archiveVersion = 1;
	classes = {
	};
	objectVersion = 56;
	objects = {

/* Begin PBXBuildFile section */
		9F14C45A2AEA4CE000161326 /* AppDelegate.m in Sources */ = {isa = PBXBuildFile; fileRef = 9F14C4592AEA4CE000161326 /* AppDelegate.m */; };
		9F14C45D2AEA4CE000161326 /* ViewController.m in Sources */ = {isa = PBXBuildFile; fileRef = 9F14C45C2AEA4CE000161326 /* ViewController.m */; };
		9F14C45F2AEA4CE200161326 /* Assets.xcassets in Resources */ = {isa = PBXBuildFile; fileRef = 9F14C45E2AEA4CE200161326 /* Assets.xcassets */; };
		9F14C4622AEA4CE200161326 /* Main.storyboard in Resources */ = {isa = PBXBuildFile; fileRef = 9F14C4602AEA4CE200161326 /* Main.storyboard */; };
		9F14C4642AEA4CE200161326 /* main.m in Sources */ = {isa = PBXBuildFile; fileRef = 9F14C4632AEA4CE200161326 /* main.m */; };
		9F43556E2BEE0266007310D8 /* Base.metal in Sources */ = {isa = PBXBuildFile; fileRef = 9F43556D2BEE0266007310D8 /* Base.metal */; };
		9F4355722BEE0663007310D8 /* Renderer.m in Sources */ = {isa = PBXBuildFile; fileRef = 9F4355712BEE0663007310D8 /* Renderer.m */; };
		9F79DA052BEE14DF00BF4385 /* background.png in Resources */ = {isa = PBXBuildFile; fileRef = 9F79DA042BEE14DF00BF4385 /* background.png */; };
		9FA014732AFF6B0000D41806 /* InputSystem.m in Sources */ = {isa = PBXBuildFile; fileRef = 9FA014722AFF6B0000D41806 /* InputSystem.m */; };
/* End PBXBuildFile section */

/* Begin PBXFileReference section */
		9F14C4552AEA4CE000161326 /* metal.app */ = {isa = PBXFileReference; explicitFileType = wrapper.application; includeInIndex = 0; path = metal.app; sourceTree = BUILT_PRODUCTS_DIR; };
		9F14C4582AEA4CE000161326 /* AppDelegate.h */ = {isa = PBXFileReference; lastKnownFileType = sourcecode.c.h; path = AppDelegate.h; sourceTree = "<group>"; };
		9F14C4592AEA4CE000161326 /* AppDelegate.m */ = {isa = PBXFileReference; lastKnownFileType = sourcecode.c.objc; path = AppDelegate.m; sourceTree = "<group>"; };
		9F14C45B2AEA4CE000161326 /* ViewController.h */ = {isa = PBXFileReference; lastKnownFileType = sourcecode.c.h; path = ViewController.h; sourceTree = "<group>"; };
		9F14C45C2AEA4CE000161326 /* ViewController.m */ = {isa = PBXFileReference; lastKnownFileType = sourcecode.c.objc; path = ViewController.m; sourceTree = "<group>"; };
		9F14C45E2AEA4CE200161326 /* Assets.xcassets */ = {isa = PBXFileReference; lastKnownFileType = folder.assetcatalog; path = Assets.xcassets; sourceTree = "<group>"; };
		9F14C4612AEA4CE200161326 /* Base */ = {isa = PBXFileReference; lastKnownFileType = file.storyboard; name = Base; path = Base.lproj/Main.storyboard; sourceTree = "<group>"; };
		9F14C4632AEA4CE200161326 /* main.m */ = {isa = PBXFileReference; lastKnownFileType = sourcecode.c.objc; path = main.m; sourceTree = "<group>"; };
		9F14C4652AEA4CE200161326 /* metal.entitlements */ = {isa = PBXFileReference; lastKnownFileType = text.plist.entitlements; path = metal.entitlements; sourceTree = "<group>"; };
		9F43556D2BEE0266007310D8 /* Base.metal */ = {isa = PBXFileReference; lastKnownFileType = sourcecode.metal; path = Base.metal; sourceTree = "<group>"; };
		9F4355702BEE0663007310D8 /* Renderer.h */ = {isa = PBXFileReference; lastKnownFileType = sourcecode.c.h; path = Renderer.h; sourceTree = "<group>"; };
		9F4355712BEE0663007310D8 /* Renderer.m */ = {isa = PBXFileReference; lastKnownFileType = sourcecode.c.objc; path = Renderer.m; sourceTree = "<group>"; };
		9F79DA042BEE14DF00BF4385 /* background.png */ = {isa = PBXFileReference; lastKnownFileType = image.png; path = background.png; sourceTree = "<group>"; };
		9FA014712AFF6B0000D41806 /* InputSystem.h */ = {isa = PBXFileReference; fileEncoding = 4; lastKnownFileType = sourcecode.c.h; path = InputSystem.h; sourceTree = "<group>"; };
		9FA014722AFF6B0000D41806 /* InputSystem.m */ = {isa = PBXFileReference; fileEncoding = 4; lastKnownFileType = sourcecode.c.objc; path = InputSystem.m; sourceTree = "<group>"; };
/* End PBXFileReference section */

/* Begin PBXFrameworksBuildPhase section */
		9F14C4522AEA4CE000161326 /* Frameworks */ = {
			isa = PBXFrameworksBuildPhase;
			buildActionMask = 2147483647;
			files = (
			);
			runOnlyForDeploymentPostprocessing = 0;
		};
/* End PBXFrameworksBuildPhase section */

/* Begin PBXGroup section */
		9F14C44C2AEA4CE000161326 = {
			isa = PBXGroup;
			children = (
				9F14C4572AEA4CE000161326 /* metal */,
				9F14C4562AEA4CE000161326 /* Products */,
			);
			sourceTree = "<group>";
		};
		9F14C4562AEA4CE000161326 /* Products */ = {
			isa = PBXGroup;
			children = (
				9F14C4552AEA4CE000161326 /* metal.app */,
			);
			name = Products;
			sourceTree = "<group>";
		};
		9F14C4572AEA4CE000161326 /* metal */ = {
			isa = PBXGroup;
			children = (
				9F79DA032BEE12A300BF4385 /* Assets */,
				9F43556F2BEE05D3007310D8 /* Renderer */,
				9F43556C2BEE0249007310D8 /* Shader */,
				9FCCC6582BD6056A0030D066 /* Tools */,
				9F14C4582AEA4CE000161326 /* AppDelegate.h */,
				9F14C4592AEA4CE000161326 /* AppDelegate.m */,
				9F14C45B2AEA4CE000161326 /* ViewController.h */,
				9F14C45C2AEA4CE000161326 /* ViewController.m */,
				9F14C45E2AEA4CE200161326 /* Assets.xcassets */,
				9F14C4602AEA4CE200161326 /* Main.storyboard */,
				9F14C4632AEA4CE200161326 /* main.m */,
				9F14C4652AEA4CE200161326 /* metal.entitlements */,
			);
			path = metal;
			sourceTree = "<group>";
		};
		9F43556C2BEE0249007310D8 /* Shader */ = {
			isa = PBXGroup;
			children = (
				9F43556D2BEE0266007310D8 /* Base.metal */,
			);
			path = Shader;
			sourceTree = "<group>";
		};
		9F43556F2BEE05D3007310D8 /* Renderer */ = {
			isa = PBXGroup;
			children = (
				9F4355702BEE0663007310D8 /* Renderer.h */,
				9F4355712BEE0663007310D8 /* Renderer.m */,
			);
			path = Renderer;
			sourceTree = "<group>";
		};
		9F79DA032BEE12A300BF4385 /* Assets */ = {
			isa = PBXGroup;
			children = (
				9F79DA042BEE14DF00BF4385 /* background.png */,
			);
			path = Assets;
			sourceTree = "<group>";
		};
		9FCCC6582BD6056A0030D066 /* Tools */ = {
			isa = PBXGroup;
			children = (
				9FA014712AFF6B0000D41806 /* InputSystem.h */,
				9FA014722AFF6B0000D41806 /* InputSystem.m */,
			);
			path = Tools;
			sourceTree = "<group>";
		};
/* End PBXGroup section */

/* Begin PBXNativeTarget section */
		9F14C4542AEA4CE000161326 /* metal */ = {
			isa = PBXNativeTarget;
			buildConfigurationList = 9F14C4682AEA4CE200161326 /* Build configuration list for PBXNativeTarget "metal" */;
			buildPhases = (
				9F14C4512AEA4CE000161326 /* Sources */,
				9F14C4522AEA4CE000161326 /* Frameworks */,
				9F14C4532AEA4CE000161326 /* Resources */,
			);
			buildRules = (
			);
			dependencies = (
			);
			name = metal;
			productName = metal;
			productReference = 9F14C4552AEA4CE000161326 /* metal.app */;
			productType = "com.apple.product-type.application";
		};
/* End PBXNativeTarget section */

/* Begin PBXProject section */
		9F14C44D2AEA4CE000161326 /* Project object */ = {
			isa = PBXProject;
			attributes = {
				BuildIndependentTargetsInParallel = 1;
				LastUpgradeCheck = 1500;
				TargetAttributes = {
					9F14C4542AEA4CE000161326 = {
						CreatedOnToolsVersion = 15.0;
					};
				};
			};
			buildConfigurationList = 9F14C4502AEA4CE000161326 /* Build configuration list for PBXProject "metal" */;
			compatibilityVersion = "Xcode 14.0";
			developmentRegion = en;
			hasScannedForEncodings = 0;
			knownRegions = (
				en,
				Base,
			);
			mainGroup = 9F14C44C2AEA4CE000161326;
			productRefGroup = 9F14C4562AEA4CE000161326 /* Products */;
			projectDirPath = "";
			projectRoot = "";
			targets = (
				9F14C4542AEA4CE000161326 /* metal */,
			);
		};
/* End PBXProject section */

/* Begin PBXResourcesBuildPhase section */
		9F14C4532AEA4CE000161326 /* Resources */ = {
			isa = PBXResourcesBuildPhase;
			buildActionMask = 2147483647;
			files = (
				9F14C45F2AEA4CE200161326 /* Assets.xcassets in Resources */,
				9F79DA052BEE14DF00BF4385 /* background.png in Resources */,
				9F14C4622AEA4CE200161326 /* Main.storyboard in Resources */,
			);
			runOnlyForDeploymentPostprocessing = 0;
		};
/* End PBXResourcesBuildPhase section */

/* Begin PBXSourcesBuildPhase section */
		9F14C4512AEA4CE000161326 /* Sources */ = {
			isa = PBXSourcesBuildPhase;
			buildActionMask = 2147483647;
			files = (
				9FA014732AFF6B0000D41806 /* InputSystem.m in Sources */,
				9F14C45D2AEA4CE000161326 /* ViewController.m in Sources */,
				9F4355722BEE0663007310D8 /* Renderer.m in Sources */,
				9F43556E2BEE0266007310D8 /* Base.metal in Sources */,
				9F14C4642AEA4CE200161326 /* main.m in Sources */,
				9F14C45A2AEA4CE000161326 /* AppDelegate.m in Sources */,
			);
			runOnlyForDeploymentPostprocessing = 0;
		};
/* End PBXSourcesBuildPhase section */

/* Begin PBXVariantGroup section */
		9F14C4602AEA4CE200161326 /* Main.storyboard */ = {
			isa = PBXVariantGroup;
			children = (
				9F14C4612AEA4CE200161326 /* Base */,
			);
			name = Main.storyboard;
			sourceTree = "<group>";
		};
/* End PBXVariantGroup section */

/* Begin XCBuildConfiguration section */
		9F14C4662AEA4CE200161326 /* Debug */ = {
			isa = XCBuildConfiguration;
			buildSettings = {
				ALWAYS_SEARCH_USER_PATHS = NO;
				ASSETCATALOG_COMPILER_GENERATE_SWIFT_ASSET_SYMBOL_EXTENSIONS = YES;
				CLANG_ANALYZER_NONNULL = YES;
				CLANG_ANALYZER_NUMBER_OBJECT_CONVERSION = YES_AGGRESSIVE;
				CLANG_CXX_LANGUAGE_STANDARD = "gnu++20";
				CLANG_ENABLE_MODULES = YES;
				CLANG_ENABLE_OBJC_ARC = YES;
				CLANG_ENABLE_OBJC_WEAK = YES;
				CLANG_WARN_BLOCK_CAPTURE_AUTORELEASING = YES;
				CLANG_WARN_BOOL_CONVERSION = YES;
				CLANG_WARN_COMMA = YES;
				CLANG_WARN_CONSTANT_CONVERSION = YES;
				CLANG_WARN_DEPRECATED_OBJC_IMPLEMENTATIONS = YES;
				CLANG_WARN_DIRECT_OBJC_ISA_USAGE = YES_ERROR;
				CLANG_WARN_DOCUMENTATION_COMMENTS = YES;
				CLANG_WARN_EMPTY_BODY = YES;
				CLANG_WARN_ENUM_CONVERSION = YES;
				CLANG_WARN_INFINITE_RECURSION = YES;
				CLANG_WARN_INT_CONVERSION = YES;
				CLANG_WARN_NON_LITERAL_NULL_CONVERSION = YES;
				CLANG_WARN_OBJC_IMPLICIT_RETAIN_SELF = YES;
				CLANG_WARN_OBJC_LITERAL_CONVERSION = YES;
				CLANG_WARN_OBJC_ROOT_CLASS = YES_ERROR;
				CLANG_WARN_QUOTED_INCLUDE_IN_FRAMEWORK_HEADER = YES;
				CLANG_WARN_RANGE_LOOP_ANALYSIS = YES;
				CLANG_WARN_STRICT_PROTOTYPES = YES;
				CLANG_WARN_SUSPICIOUS_MOVE = YES;
				CLANG_WARN_UNGUARDED_AVAILABILITY = YES_AGGRESSIVE;
				CLANG_WARN_UNREACHABLE_CODE = YES;
				CLANG_WARN__DUPLICATE_METHOD_MATCH = YES;
				COPY_PHASE_STRIP = NO;
				DEBUG_INFORMATION_FORMAT = dwarf;
				ENABLE_STRICT_OBJC_MSGSEND = YES;
				ENABLE_TESTABILITY = YES;
				ENABLE_USER_SCRIPT_SANDBOXING = YES;
				GCC_C_LANGUAGE_STANDARD = gnu17;
				GCC_DYNAMIC_NO_PIC = NO;
				GCC_NO_COMMON_BLOCKS = YES;
				GCC_OPTIMIZATION_LEVEL = 0;
				GCC_PREPROCESSOR_DEFINITIONS = (
					"DEBUG=1",
					"$(inherited)",
				);
				GCC_WARN_64_TO_32_BIT_CONVERSION = YES;
				GCC_WARN_ABOUT_RETURN_TYPE = YES_ERROR;
				GCC_WARN_UNDECLARED_SELECTOR = YES;
				GCC_WARN_UNINITIALIZED_AUTOS = YES_AGGRESSIVE;
				GCC_WARN_UNUSED_FUNCTION = YES;
				GCC_WARN_UNUSED_VARIABLE = YES;
				LOCALIZATION_PREFERS_STRING_CATALOGS = YES;
				MACOSX_DEPLOYMENT_TARGET = 13.5;
				MTL_ENABLE_DEBUG_INFO = INCLUDE_SOURCE;
				MTL_FAST_MATH = YES;
				ONLY_ACTIVE_ARCH = YES;
				SDKROOT = macosx;
			};
			name = Debug;
		};
		9F14C4672AEA4CE200161326 /* Release */ = {
			isa = XCBuildConfiguration;
			buildSettings = {
				ALWAYS_SEARCH_USER_PATHS = NO;
				ASSETCATALOG_COMPILER_GENERATE_SWIFT_ASSET_SYMBOL_EXTENSIONS = YES;
				CLANG_ANALYZER_NONNULL = YES;
				CLANG_ANALYZER_NUMBER_OBJECT_CONVERSION = YES_AGGRESSIVE;
				CLANG_CXX_LANGUAGE_STANDARD = "gnu++20";
				CLANG_ENABLE_MODULES = YES;
				CLANG_ENABLE_OBJC_ARC = YES;
				CLANG_ENABLE_OBJC_WEAK = YES;
				CLANG_WARN_BLOCK_CAPTURE_AUTORELEASING = YES;
				CLANG_WARN_BOOL_CONVERSION = YES;
				CLANG_WARN_COMMA = YES;
				CLANG_WARN_CONSTANT_CONVERSION = YES;
				CLANG_WARN_DEPRECATED_OBJC_IMPLEMENTATIONS = YES;
				CLANG_WARN_DIRECT_OBJC_ISA_USAGE = YES_ERROR;
				CLANG_WARN_DOCUMENTATION_COMMENTS = YES;
				CLANG_WARN_EMPTY_BODY = YES;
				CLANG_WARN_ENUM_CONVERSION = YES;
				CLANG_WARN_INFINITE_RECURSION = YES;
				CLANG_WARN_INT_CONVERSION = YES;
				CLANG_WARN_NON_LITERAL_NULL_CONVERSION = YES;
				CLANG_WARN_OBJC_IMPLICIT_RETAIN_SELF = YES;
				CLANG_WARN_OBJC_LITERAL_CONVERSION = YES;
				CLANG_WARN_OBJC_ROOT_CLASS = YES_ERROR;
				CLANG_WARN_QUOTED_INCLUDE_IN_FRAMEWORK_HEADER = YES;
				CLANG_WARN_RANGE_LOOP_ANALYSIS = YES;
				CLANG_WARN_STRICT_PROTOTYPES = YES;
				CLANG_WARN_SUSPICIOUS_MOVE = YES;
				CLANG_WARN_UNGUARDED_AVAILABILITY = YES_AGGRESSIVE;
				CLANG_WARN_UNREACHABLE_CODE = YES;
				CLANG_WARN__DUPLICATE_METHOD_MATCH = YES;
				COPY_PHASE_STRIP = NO;
				DEBUG_INFORMATION_FORMAT = "dwarf-with-dsym";
				ENABLE_NS_ASSERTIONS = NO;
				ENABLE_STRICT_OBJC_MSGSEND = YES;
				ENABLE_USER_SCRIPT_SANDBOXING = YES;
				GCC_C_LANGUAGE_STANDARD = gnu17;
				GCC_NO_COMMON_BLOCKS = YES;
				GCC_WARN_64_TO_32_BIT_CONVERSION = YES;
				GCC_WARN_ABOUT_RETURN_TYPE = YES_ERROR;
				GCC_WARN_UNDECLARED_SELECTOR = YES;
				GCC_WARN_UNINITIALIZED_AUTOS = YES_AGGRESSIVE;
				GCC_WARN_UNUSED_FUNCTION = YES;
				GCC_WARN_UNUSED_VARIABLE = YES;
				LOCALIZATION_PREFERS_STRING_CATALOGS = YES;
				MACOSX_DEPLOYMENT_TARGET = 13.5;
				MTL_ENABLE_DEBUG_INFO = NO;
				MTL_FAST_MATH = YES;
				SDKROOT = macosx;
			};
			name = Release;
		};
		9F14C4692AEA4CE200161326 /* Debug */ = {
			isa = XCBuildConfiguration;
			buildSettings = {
				ASSETCATALOG_COMPILER_APPICON_NAME = AppIcon;
				ASSETCATALOG_COMPILER_GLOBAL_ACCENT_COLOR_NAME = AccentColor;
				CODE_SIGN_ENTITLEMENTS = metal/metal.entitlements;
				CODE_SIGN_STYLE = Automatic;
				COMBINE_HIDPI_IMAGES = YES;
				CURRENT_PROJECT_VERSION = 1;
				GENERATE_INFOPLIST_FILE = YES;
				INFOPLIST_KEY_NSHumanReadableCopyright = "";
				INFOPLIST_KEY_NSMainStoryboardFile = Main;
				INFOPLIST_KEY_NSPrincipalClass = NSApplication;
				LD_RUNPATH_SEARCH_PATHS = (
					"$(inherited)",
					"@executable_path/../Frameworks",
				);
				MARKETING_VERSION = 1.0;
				PRODUCT_BUNDLE_IDENTIFIER = com.allen0828.spm.metal;
				PRODUCT_NAME = "$(TARGET_NAME)";
				SWIFT_EMIT_LOC_STRINGS = YES;
			};
			name = Debug;
		};
		9F14C46A2AEA4CE200161326 /* Release */ = {
			isa = XCBuildConfiguration;
			buildSettings = {
				ASSETCATALOG_COMPILER_APPICON_NAME = AppIcon;
				ASSETCATALOG_COMPILER_GLOBAL_ACCENT_COLOR_NAME = AccentColor;
				CODE_SIGN_ENTITLEMENTS = metal/metal.entitlements;
				CODE_SIGN_STYLE = Automatic;
				COMBINE_HIDPI_IMAGES = YES;
				CURRENT_PROJECT_VERSION = 1;
				GENERATE_INFOPLIST_FILE = YES;
				INFOPLIST_KEY_NSHumanReadableCopyright = "";
				INFOPLIST_KEY_NSMainStoryboardFile = Main;
				INFOPLIST_KEY_NSPrincipalClass = NSApplication;
				LD_RUNPATH_SEARCH_PATHS = (
					"$(inherited)",
					"@executable_path/../Frameworks",
				);
				MARKETING_VERSION = 1.0;
				PRODUCT_BUNDLE_IDENTIFIER = com.allen0828.spm.metal;
				PRODUCT_NAME = "$(TARGET_NAME)";
				SWIFT_EMIT_LOC_STRINGS = YES;
			};
			name = Release;
		};
/* End XCBuildConfiguration section */

/* Begin XCConfigurationList section */
		9F14C4502AEA4CE000161326 /* Build configuration list for PBXProject "metal" */ = {
			isa = XCConfigurationList;
			buildConfigurations = (
				9F14C4662AEA4CE200161326 /* Debug */,
				9F14C4672AEA4CE200161326 /* Release */,
			);
			defaultConfigurationIsVisible = 0;
			defaultConfigurationName = Release;
		};
		9F14C4682AEA4CE200161326 /* Build configuration list for PBXNativeTarget "metal" */ = {
			isa = XCConfigurationList;
			buildConfigurations = (
				9F14C4692AEA4CE200161326 /* Debug */,
				9F14C46A2AEA4CE200161326 /* Release */,
			);
			defaultConfigurationIsVisible = 0;
			defaultConfigurationName = Release;
		};
/* End XCConfigurationList section */
	};
	rootObject = 9F14C44D2AEA4CE000161326 /* Project object */;
}
