// !$*UTF8*$!
{
	archiveVersion = 1;
	classes = {
	};
	objectVersion = 55;
	objects = {

/* Begin PBXBuildFile section */
		2617591D2868255B00BE9B8C /* AppDelegate.m in Sources */ = {isa = PBXBuildFile; fileRef = 2617591C2868255B00BE9B8C /* AppDelegate.m */; };
		261759232868255B00BE9B8C /* ViewController.m in Sources */ = {isa = PBXBuildFile; fileRef = 261759222868255B00BE9B8C /* ViewController.m */; };
		261759262868255B00BE9B8C /* Main.storyboard in Resources */ = {isa = PBXBuildFile; fileRef = 261759242868255B00BE9B8C /* Main.storyboard */; };
		261759282868255D00BE9B8C /* Assets.xcassets in Resources */ = {isa = PBXBuildFile; fileRef = 261759272868255D00BE9B8C /* Assets.xcassets */; };
		2617592B2868255D00BE9B8C /* LaunchScreen.storyboard in Resources */ = {isa = PBXBuildFile; fileRef = 261759292868255D00BE9B8C /* LaunchScreen.storyboard */; };
		2617592E2868255D00BE9B8C /* main.m in Sources */ = {isa = PBXBuildFile; fileRef = 2617592D2868255D00BE9B8C /* main.m */; };
		26175936286825C100BE9B8C /* Metal.framework in Frameworks */ = {isa = PBXBuildFile; fileRef = 26175935286825C100BE9B8C /* Metal.framework */; };
		2617593F2868268B00BE9B8C /* AppDelegate.m in Sources */ = {isa = PBXBuildFile; fileRef = 2617593E2868268B00BE9B8C /* AppDelegate.m */; };
		261759422868268B00BE9B8C /* ViewController.m in Sources */ = {isa = PBXBuildFile; fileRef = 261759412868268B00BE9B8C /* ViewController.m */; };
		261759442868268D00BE9B8C /* Assets.xcassets in Resources */ = {isa = PBXBuildFile; fileRef = 261759432868268D00BE9B8C /* Assets.xcassets */; };
		261759472868268D00BE9B8C /* Main.storyboard in Resources */ = {isa = PBXBuildFile; fileRef = 261759452868268D00BE9B8C /* Main.storyboard */; };
		261759492868268D00BE9B8C /* main.m in Sources */ = {isa = PBXBuildFile; fileRef = 261759482868268D00BE9B8C /* main.m */; };
		261759512868331B00BE9B8C /* MetalKit.framework in Frameworks */ = {isa = PBXBuildFile; fileRef = 261759502868331B00BE9B8C /* MetalKit.framework */; };
		2617595528683A3A00BE9B8C /* TriangleShader.metal in Sources */ = {isa = PBXBuildFile; fileRef = 2617595428683A3A00BE9B8C /* TriangleShader.metal */; };
		2617595828683B0500BE9B8C /* TriangleRender.mm in Sources */ = {isa = PBXBuildFile; fileRef = 2617595728683B0500BE9B8C /* TriangleRender.mm */; };
		2617595D28685A1700BE9B8C /* TriangleController.m in Sources */ = {isa = PBXBuildFile; fileRef = 2617595C28685A1700BE9B8C /* TriangleController.m */; };
		2617596128685F0100BE9B8C /* SquareController.m in Sources */ = {isa = PBXBuildFile; fileRef = 2617596028685F0100BE9B8C /* SquareController.m */; };
		2617596428685F5700BE9B8C /* SquareRender.m in Sources */ = {isa = PBXBuildFile; fileRef = 2617596328685F5700BE9B8C /* SquareRender.m */; };
/* End PBXBuildFile section */

/* Begin PBXFileReference section */
		261759182868255B00BE9B8C /* metal.app */ = {isa = PBXFileReference; explicitFileType = wrapper.application; includeInIndex = 0; path = metal.app; sourceTree = BUILT_PRODUCTS_DIR; };
		2617591B2868255B00BE9B8C /* AppDelegate.h */ = {isa = PBXFileReference; lastKnownFileType = sourcecode.c.h; path = AppDelegate.h; sourceTree = "<group>"; };
		2617591C2868255B00BE9B8C /* AppDelegate.m */ = {isa = PBXFileReference; lastKnownFileType = sourcecode.c.objc; path = AppDelegate.m; sourceTree = "<group>"; };
		261759212868255B00BE9B8C /* ViewController.h */ = {isa = PBXFileReference; lastKnownFileType = sourcecode.c.h; path = ViewController.h; sourceTree = "<group>"; };
		261759222868255B00BE9B8C /* ViewController.m */ = {isa = PBXFileReference; lastKnownFileType = sourcecode.c.objc; path = ViewController.m; sourceTree = "<group>"; };
		261759252868255B00BE9B8C /* Base */ = {isa = PBXFileReference; lastKnownFileType = file.storyboard; name = Base; path = Base.lproj/Main.storyboard; sourceTree = "<group>"; };
		261759272868255D00BE9B8C /* Assets.xcassets */ = {isa = PBXFileReference; lastKnownFileType = folder.assetcatalog; path = Assets.xcassets; sourceTree = "<group>"; };
		2617592A2868255D00BE9B8C /* Base */ = {isa = PBXFileReference; lastKnownFileType = file.storyboard; name = Base; path = Base.lproj/LaunchScreen.storyboard; sourceTree = "<group>"; };
		2617592C2868255D00BE9B8C /* Info.plist */ = {isa = PBXFileReference; lastKnownFileType = text.plist.xml; path = Info.plist; sourceTree = "<group>"; };
		2617592D2868255D00BE9B8C /* main.m */ = {isa = PBXFileReference; lastKnownFileType = sourcecode.c.objc; path = main.m; sourceTree = "<group>"; };
		26175935286825C100BE9B8C /* Metal.framework */ = {isa = PBXFileReference; lastKnownFileType = wrapper.framework; name = Metal.framework; path = System/Library/Frameworks/Metal.framework; sourceTree = SDKROOT; };
		2617593B2868268B00BE9B8C /* metal-mac.app */ = {isa = PBXFileReference; explicitFileType = wrapper.application; includeInIndex = 0; path = "metal-mac.app"; sourceTree = BUILT_PRODUCTS_DIR; };
		2617593D2868268B00BE9B8C /* AppDelegate.h */ = {isa = PBXFileReference; lastKnownFileType = sourcecode.c.h; path = AppDelegate.h; sourceTree = "<group>"; };
		2617593E2868268B00BE9B8C /* AppDelegate.m */ = {isa = PBXFileReference; lastKnownFileType = sourcecode.c.objc; path = AppDelegate.m; sourceTree = "<group>"; };
		261759402868268B00BE9B8C /* ViewController.h */ = {isa = PBXFileReference; lastKnownFileType = sourcecode.c.h; path = ViewController.h; sourceTree = "<group>"; };
		261759412868268B00BE9B8C /* ViewController.m */ = {isa = PBXFileReference; lastKnownFileType = sourcecode.c.objc; path = ViewController.m; sourceTree = "<group>"; };
		261759432868268D00BE9B8C /* Assets.xcassets */ = {isa = PBXFileReference; lastKnownFileType = folder.assetcatalog; path = Assets.xcassets; sourceTree = "<group>"; };
		261759462868268D00BE9B8C /* Base */ = {isa = PBXFileReference; lastKnownFileType = file.storyboard; name = Base; path = Base.lproj/Main.storyboard; sourceTree = "<group>"; };
		261759482868268D00BE9B8C /* main.m */ = {isa = PBXFileReference; lastKnownFileType = sourcecode.c.objc; path = main.m; sourceTree = "<group>"; };
		2617594A2868268D00BE9B8C /* metal_mac.entitlements */ = {isa = PBXFileReference; lastKnownFileType = text.plist.entitlements; path = metal_mac.entitlements; sourceTree = "<group>"; };
		2617594E2868330200BE9B8C /* Metal.framework */ = {isa = PBXFileReference; lastKnownFileType = wrapper.framework; name = Metal.framework; path = Platforms/MacOSX.platform/Developer/SDKs/MacOSX12.3.sdk/System/Library/Frameworks/Metal.framework; sourceTree = DEVELOPER_DIR; };
		261759502868331B00BE9B8C /* MetalKit.framework */ = {isa = PBXFileReference; lastKnownFileType = wrapper.framework; name = MetalKit.framework; path = Platforms/MacOSX.platform/Developer/SDKs/MacOSX12.3.sdk/System/Library/Frameworks/MetalKit.framework; sourceTree = DEVELOPER_DIR; };
		2617595428683A3A00BE9B8C /* TriangleShader.metal */ = {isa = PBXFileReference; lastKnownFileType = sourcecode.metal; path = TriangleShader.metal; sourceTree = "<group>"; };
		2617595628683B0500BE9B8C /* TriangleRender.h */ = {isa = PBXFileReference; lastKnownFileType = sourcecode.c.h; path = TriangleRender.h; sourceTree = "<group>"; };
		2617595728683B0500BE9B8C /* TriangleRender.mm */ = {isa = PBXFileReference; lastKnownFileType = sourcecode.cpp.objcpp; path = TriangleRender.mm; sourceTree = "<group>"; };
		2617595A28683C5700BE9B8C /* ShaderTypes.h */ = {isa = PBXFileReference; lastKnownFileType = sourcecode.c.h; path = ShaderTypes.h; sourceTree = "<group>"; };
		2617595B28685A1700BE9B8C /* TriangleController.h */ = {isa = PBXFileReference; lastKnownFileType = sourcecode.c.h; path = TriangleController.h; sourceTree = "<group>"; };
		2617595C28685A1700BE9B8C /* TriangleController.m */ = {isa = PBXFileReference; lastKnownFileType = sourcecode.c.objc; path = TriangleController.m; sourceTree = "<group>"; };
		2617595F28685F0100BE9B8C /* SquareController.h */ = {isa = PBXFileReference; lastKnownFileType = sourcecode.c.h; path = SquareController.h; sourceTree = "<group>"; };
		2617596028685F0100BE9B8C /* SquareController.m */ = {isa = PBXFileReference; lastKnownFileType = sourcecode.c.objc; path = SquareController.m; sourceTree = "<group>"; };
		2617596228685F5700BE9B8C /* SquareRender.h */ = {isa = PBXFileReference; lastKnownFileType = sourcecode.c.h; path = SquareRender.h; sourceTree = "<group>"; };
		2617596328685F5700BE9B8C /* SquareRender.m */ = {isa = PBXFileReference; lastKnownFileType = sourcecode.c.objc; path = SquareRender.m; sourceTree = "<group>"; };
/* End PBXFileReference section */

/* Begin PBXFrameworksBuildPhase section */
		261759152868255B00BE9B8C /* Frameworks */ = {
			isa = PBXFrameworksBuildPhase;
			buildActionMask = 2147483647;
			files = (
				26175936286825C100BE9B8C /* Metal.framework in Frameworks */,
			);
			runOnlyForDeploymentPostprocessing = 0;
		};
		261759382868268B00BE9B8C /* Frameworks */ = {
			isa = PBXFrameworksBuildPhase;
			buildActionMask = 2147483647;
			files = (
				261759512868331B00BE9B8C /* MetalKit.framework in Frameworks */,
			);
			runOnlyForDeploymentPostprocessing = 0;
		};
/* End PBXFrameworksBuildPhase section */

/* Begin PBXGroup section */
		2617590F2868255B00BE9B8C = {
			isa = PBXGroup;
			children = (
				2617591A2868255B00BE9B8C /* metal */,
				2617593C2868268B00BE9B8C /* metal-mac */,
				261759192868255B00BE9B8C /* Products */,
				26175934286825C100BE9B8C /* Frameworks */,
			);
			sourceTree = "<group>";
		};
		261759192868255B00BE9B8C /* Products */ = {
			isa = PBXGroup;
			children = (
				261759182868255B00BE9B8C /* metal.app */,
				2617593B2868268B00BE9B8C /* metal-mac.app */,
			);
			name = Products;
			sourceTree = "<group>";
		};
		2617591A2868255B00BE9B8C /* metal */ = {
			isa = PBXGroup;
			children = (
				2617591B2868255B00BE9B8C /* AppDelegate.h */,
				2617591C2868255B00BE9B8C /* AppDelegate.m */,
				261759212868255B00BE9B8C /* ViewController.h */,
				261759222868255B00BE9B8C /* ViewController.m */,
				261759242868255B00BE9B8C /* Main.storyboard */,
				261759272868255D00BE9B8C /* Assets.xcassets */,
				261759292868255D00BE9B8C /* LaunchScreen.storyboard */,
				2617592C2868255D00BE9B8C /* Info.plist */,
				2617592D2868255D00BE9B8C /* main.m */,
			);
			path = metal;
			sourceTree = "<group>";
		};
		26175934286825C100BE9B8C /* Frameworks */ = {
			isa = PBXGroup;
			children = (
				261759502868331B00BE9B8C /* MetalKit.framework */,
				2617594E2868330200BE9B8C /* Metal.framework */,
				26175935286825C100BE9B8C /* Metal.framework */,
			);
			name = Frameworks;
			sourceTree = "<group>";
		};
		2617593C2868268B00BE9B8C /* metal-mac */ = {
			isa = PBXGroup;
			children = (
				2617595E28685EEA00BE9B8C /* Square */,
				2617595A28683C5700BE9B8C /* ShaderTypes.h */,
				261759522868394F00BE9B8C /* Triangle */,
				2617593D2868268B00BE9B8C /* AppDelegate.h */,
				2617593E2868268B00BE9B8C /* AppDelegate.m */,
				261759402868268B00BE9B8C /* ViewController.h */,
				261759412868268B00BE9B8C /* ViewController.m */,
				261759432868268D00BE9B8C /* Assets.xcassets */,
				261759452868268D00BE9B8C /* Main.storyboard */,
				261759482868268D00BE9B8C /* main.m */,
				2617594A2868268D00BE9B8C /* metal_mac.entitlements */,
			);
			path = "metal-mac";
			sourceTree = "<group>";
		};
		261759522868394F00BE9B8C /* Triangle */ = {
			isa = PBXGroup;
			children = (
				2617595428683A3A00BE9B8C /* TriangleShader.metal */,
				2617595628683B0500BE9B8C /* TriangleRender.h */,
				2617595728683B0500BE9B8C /* TriangleRender.mm */,
				2617595B28685A1700BE9B8C /* TriangleController.h */,
				2617595C28685A1700BE9B8C /* TriangleController.m */,
			);
			path = Triangle;
			sourceTree = "<group>";
		};
		2617595E28685EEA00BE9B8C /* Square */ = {
			isa = PBXGroup;
			children = (
				2617595F28685F0100BE9B8C /* SquareController.h */,
				2617596028685F0100BE9B8C /* SquareController.m */,
				2617596228685F5700BE9B8C /* SquareRender.h */,
				2617596328685F5700BE9B8C /* SquareRender.m */,
			);
			path = Square;
			sourceTree = "<group>";
		};
/* End PBXGroup section */

/* Begin PBXNativeTarget section */
		261759172868255B00BE9B8C /* metal */ = {
			isa = PBXNativeTarget;
			buildConfigurationList = 261759312868255D00BE9B8C /* Build configuration list for PBXNativeTarget "metal" */;
			buildPhases = (
				261759142868255B00BE9B8C /* Sources */,
				261759152868255B00BE9B8C /* Frameworks */,
				261759162868255B00BE9B8C /* Resources */,
			);
			buildRules = (
			);
			dependencies = (
			);
			name = metal;
			productName = metal;
			productReference = 261759182868255B00BE9B8C /* metal.app */;
			productType = "com.apple.product-type.application";
		};
		2617593A2868268B00BE9B8C /* metal-mac */ = {
			isa = PBXNativeTarget;
			buildConfigurationList = 2617594B2868268D00BE9B8C /* Build configuration list for PBXNativeTarget "metal-mac" */;
			buildPhases = (
				261759372868268B00BE9B8C /* Sources */,
				261759382868268B00BE9B8C /* Frameworks */,
				261759392868268B00BE9B8C /* Resources */,
			);
			buildRules = (
			);
			dependencies = (
			);
			name = "metal-mac";
			productName = "metal-mac";
			productReference = 2617593B2868268B00BE9B8C /* metal-mac.app */;
			productType = "com.apple.product-type.application";
		};
/* End PBXNativeTarget section */

/* Begin PBXProject section */
		261759102868255B00BE9B8C /* Project object */ = {
			isa = PBXProject;
			attributes = {
				BuildIndependentTargetsInParallel = 1;
				LastUpgradeCheck = 1340;
				TargetAttributes = {
					261759172868255B00BE9B8C = {
						CreatedOnToolsVersion = 13.4.1;
					};
					2617593A2868268B00BE9B8C = {
						CreatedOnToolsVersion = 13.4.1;
					};
				};
			};
			buildConfigurationList = 261759132868255B00BE9B8C /* Build configuration list for PBXProject "metal" */;
			compatibilityVersion = "Xcode 13.0";
			developmentRegion = en;
			hasScannedForEncodings = 0;
			knownRegions = (
				en,
				Base,
			);
			mainGroup = 2617590F2868255B00BE9B8C;
			productRefGroup = 261759192868255B00BE9B8C /* Products */;
			projectDirPath = "";
			projectRoot = "";
			targets = (
				261759172868255B00BE9B8C /* metal */,
				2617593A2868268B00BE9B8C /* metal-mac */,
			);
		};
/* End PBXProject section */

/* Begin PBXResourcesBuildPhase section */
		261759162868255B00BE9B8C /* Resources */ = {
			isa = PBXResourcesBuildPhase;
			buildActionMask = 2147483647;
			files = (
				2617592B2868255D00BE9B8C /* LaunchScreen.storyboard in Resources */,
				261759282868255D00BE9B8C /* Assets.xcassets in Resources */,
				261759262868255B00BE9B8C /* Main.storyboard in Resources */,
			);
			runOnlyForDeploymentPostprocessing = 0;
		};
		261759392868268B00BE9B8C /* Resources */ = {
			isa = PBXResourcesBuildPhase;
			buildActionMask = 2147483647;
			files = (
				261759442868268D00BE9B8C /* Assets.xcassets in Resources */,
				261759472868268D00BE9B8C /* Main.storyboard in Resources */,
			);
			runOnlyForDeploymentPostprocessing = 0;
		};
/* End PBXResourcesBuildPhase section */

/* Begin PBXSourcesBuildPhase section */
		261759142868255B00BE9B8C /* Sources */ = {
			isa = PBXSourcesBuildPhase;
			buildActionMask = 2147483647;
			files = (
				261759232868255B00BE9B8C /* ViewController.m in Sources */,
				2617591D2868255B00BE9B8C /* AppDelegate.m in Sources */,
				2617592E2868255D00BE9B8C /* main.m in Sources */,
			);
			runOnlyForDeploymentPostprocessing = 0;
		};
		261759372868268B00BE9B8C /* Sources */ = {
			isa = PBXSourcesBuildPhase;
			buildActionMask = 2147483647;
			files = (
				261759422868268B00BE9B8C /* ViewController.m in Sources */,
				2617596128685F0100BE9B8C /* SquareController.m in Sources */,
				2617596428685F5700BE9B8C /* SquareRender.m in Sources */,
				261759492868268D00BE9B8C /* main.m in Sources */,
				2617595528683A3A00BE9B8C /* TriangleShader.metal in Sources */,
				2617593F2868268B00BE9B8C /* AppDelegate.m in Sources */,
				2617595828683B0500BE9B8C /* TriangleRender.mm in Sources */,
				2617595D28685A1700BE9B8C /* TriangleController.m in Sources */,
			);
			runOnlyForDeploymentPostprocessing = 0;
		};
/* End PBXSourcesBuildPhase section */

/* Begin PBXVariantGroup section */
		261759242868255B00BE9B8C /* Main.storyboard */ = {
			isa = PBXVariantGroup;
			children = (
				261759252868255B00BE9B8C /* Base */,
			);
			name = Main.storyboard;
			sourceTree = "<group>";
		};
		261759292868255D00BE9B8C /* LaunchScreen.storyboard */ = {
			isa = PBXVariantGroup;
			children = (
				2617592A2868255D00BE9B8C /* Base */,
			);
			name = LaunchScreen.storyboard;
			sourceTree = "<group>";
		};
		261759452868268D00BE9B8C /* Main.storyboard */ = {
			isa = PBXVariantGroup;
			children = (
				261759462868268D00BE9B8C /* Base */,
			);
			name = Main.storyboard;
			sourceTree = "<group>";
		};
/* End PBXVariantGroup section */

/* Begin XCBuildConfiguration section */
		2617592F2868255D00BE9B8C /* Debug */ = {
			isa = XCBuildConfiguration;
			buildSettings = {
				ALWAYS_SEARCH_USER_PATHS = NO;
				CLANG_ANALYZER_NONNULL = YES;
				CLANG_ANALYZER_NUMBER_OBJECT_CONVERSION = YES_AGGRESSIVE;
				CLANG_CXX_LANGUAGE_STANDARD = "gnu++17";
				CLANG_ENABLE_MODULES = YES;
				CLANG_ENABLE_OBJC_ARC = YES;
				CLANG_ENABLE_OBJC_WEAK = YES;
				CLANG_WARN_BLOCK_CAPTURE_AUTORELEASING = YES;
				CLANG_WARN_BOOL_CONVERSION = YES;
				CLANG_WARN_COMMA = YES;
				CLANG_WARN_CONSTANT_CONVERSION = YES;
				CLANG_WARN_DEPRECATED_OBJC_IMPLEMENTATIONS = YES;
				CLANG_WARN_DIRECT_OBJC_ISA_USAGE = YES_ERROR;
				CLANG_WARN_DOCUMENTATION_COMMENTS = YES;
				CLANG_WARN_EMPTY_BODY = YES;
				CLANG_WARN_ENUM_CONVERSION = YES;
				CLANG_WARN_INFINITE_RECURSION = YES;
				CLANG_WARN_INT_CONVERSION = YES;
				CLANG_WARN_NON_LITERAL_NULL_CONVERSION = YES;
				CLANG_WARN_OBJC_IMPLICIT_RETAIN_SELF = YES;
				CLANG_WARN_OBJC_LITERAL_CONVERSION = YES;
				CLANG_WARN_OBJC_ROOT_CLASS = YES_ERROR;
				CLANG_WARN_QUOTED_INCLUDE_IN_FRAMEWORK_HEADER = YES;
				CLANG_WARN_RANGE_LOOP_ANALYSIS = YES;
				CLANG_WARN_STRICT_PROTOTYPES = YES;
				CLANG_WARN_SUSPICIOUS_MOVE = YES;
				CLANG_WARN_UNGUARDED_AVAILABILITY = YES_AGGRESSIVE;
				CLANG_WARN_UNREACHABLE_CODE = YES;
				CLANG_WARN__DUPLICATE_METHOD_MATCH = YES;
				COPY_PHASE_STRIP = NO;
				DEBUG_INFORMATION_FORMAT = dwarf;
				ENABLE_STRICT_OBJC_MSGSEND = YES;
				ENABLE_TESTABILITY = YES;
				GCC_C_LANGUAGE_STANDARD = gnu11;
				GCC_DYNAMIC_NO_PIC = NO;
				GCC_NO_COMMON_BLOCKS = YES;
				GCC_OPTIMIZATION_LEVEL = 0;
				GCC_PREPROCESSOR_DEFINITIONS = (
					"DEBUG=1",
					"$(inherited)",
				);
				GCC_WARN_64_TO_32_BIT_CONVERSION = YES;
				GCC_WARN_ABOUT_RETURN_TYPE = YES_ERROR;
				GCC_WARN_UNDECLARED_SELECTOR = YES;
				GCC_WARN_UNINITIALIZED_AUTOS = YES_AGGRESSIVE;
				GCC_WARN_UNUSED_FUNCTION = YES;
				GCC_WARN_UNUSED_VARIABLE = YES;
				IPHONEOS_DEPLOYMENT_TARGET = 15.5;
				MTL_ENABLE_DEBUG_INFO = INCLUDE_SOURCE;
				MTL_FAST_MATH = YES;
				ONLY_ACTIVE_ARCH = YES;
				SDKROOT = iphoneos;
			};
			name = Debug;
		};
		261759302868255D00BE9B8C /* Release */ = {
			isa = XCBuildConfiguration;
			buildSettings = {
				ALWAYS_SEARCH_USER_PATHS = NO;
				CLANG_ANALYZER_NONNULL = YES;
				CLANG_ANALYZER_NUMBER_OBJECT_CONVERSION = YES_AGGRESSIVE;
				CLANG_CXX_LANGUAGE_STANDARD = "gnu++17";
				CLANG_ENABLE_MODULES = YES;
				CLANG_ENABLE_OBJC_ARC = YES;
				CLANG_ENABLE_OBJC_WEAK = YES;
				CLANG_WARN_BLOCK_CAPTURE_AUTORELEASING = YES;
				CLANG_WARN_BOOL_CONVERSION = YES;
				CLANG_WARN_COMMA = YES;
				CLANG_WARN_CONSTANT_CONVERSION = YES;
				CLANG_WARN_DEPRECATED_OBJC_IMPLEMENTATIONS = YES;
				CLANG_WARN_DIRECT_OBJC_ISA_USAGE = YES_ERROR;
				CLANG_WARN_DOCUMENTATION_COMMENTS = YES;
				CLANG_WARN_EMPTY_BODY = YES;
				CLANG_WARN_ENUM_CONVERSION = YES;
				CLANG_WARN_INFINITE_RECURSION = YES;
				CLANG_WARN_INT_CONVERSION = YES;
				CLANG_WARN_NON_LITERAL_NULL_CONVERSION = YES;
				CLANG_WARN_OBJC_IMPLICIT_RETAIN_SELF = YES;
				CLANG_WARN_OBJC_LITERAL_CONVERSION = YES;
				CLANG_WARN_OBJC_ROOT_CLASS = YES_ERROR;
				CLANG_WARN_QUOTED_INCLUDE_IN_FRAMEWORK_HEADER = YES;
				CLANG_WARN_RANGE_LOOP_ANALYSIS = YES;
				CLANG_WARN_STRICT_PROTOTYPES = YES;
				CLANG_WARN_SUSPICIOUS_MOVE = YES;
				CLANG_WARN_UNGUARDED_AVAILABILITY = YES_AGGRESSIVE;
				CLANG_WARN_UNREACHABLE_CODE = YES;
				CLANG_WARN__DUPLICATE_METHOD_MATCH = YES;
				COPY_PHASE_STRIP = NO;
				DEBUG_INFORMATION_FORMAT = "dwarf-with-dsym";
				ENABLE_NS_ASSERTIONS = NO;
				ENABLE_STRICT_OBJC_MSGSEND = YES;
				GCC_C_LANGUAGE_STANDARD = gnu11;
				GCC_NO_COMMON_BLOCKS = YES;
				GCC_WARN_64_TO_32_BIT_CONVERSION = YES;
				GCC_WARN_ABOUT_RETURN_TYPE = YES_ERROR;
				GCC_WARN_UNDECLARED_SELECTOR = YES;
				GCC_WARN_UNINITIALIZED_AUTOS = YES_AGGRESSIVE;
				GCC_WARN_UNUSED_FUNCTION = YES;
				GCC_WARN_UNUSED_VARIABLE = YES;
				IPHONEOS_DEPLOYMENT_TARGET = 15.5;
				MTL_ENABLE_DEBUG_INFO = NO;
				MTL_FAST_MATH = YES;
				SDKROOT = iphoneos;
				VALIDATE_PRODUCT = YES;
			};
			name = Release;
		};
		261759322868255D00BE9B8C /* Debug */ = {
			isa = XCBuildConfiguration;
			buildSettings = {
				ASSETCATALOG_COMPILER_APPICON_NAME = AppIcon;
				ASSETCATALOG_COMPILER_GLOBAL_ACCENT_COLOR_NAME = AccentColor;
				CODE_SIGN_STYLE = Automatic;
				CURRENT_PROJECT_VERSION = 1;
				GENERATE_INFOPLIST_FILE = YES;
				INFOPLIST_FILE = metal/Info.plist;
				INFOPLIST_KEY_UIApplicationSupportsIndirectInputEvents = YES;
				INFOPLIST_KEY_UILaunchStoryboardName = LaunchScreen;
				INFOPLIST_KEY_UIMainStoryboardFile = Main;
				INFOPLIST_KEY_UISupportedInterfaceOrientations_iPad = "UIInterfaceOrientationPortrait UIInterfaceOrientationPortraitUpsideDown UIInterfaceOrientationLandscapeLeft UIInterfaceOrientationLandscapeRight";
				INFOPLIST_KEY_UISupportedInterfaceOrientations_iPhone = "UIInterfaceOrientationPortrait UIInterfaceOrientationLandscapeLeft UIInterfaceOrientationLandscapeRight";
				IPHONEOS_DEPLOYMENT_TARGET = 12.0;
				LD_RUNPATH_SEARCH_PATHS = (
					"$(inherited)",
					"@executable_path/Frameworks",
				);
				MARKETING_VERSION = 1.0;
				PRODUCT_BUNDLE_IDENTIFIER = com.allen0828.metal.metal;
				PRODUCT_NAME = "$(TARGET_NAME)";
				SWIFT_EMIT_LOC_STRINGS = YES;
				TARGETED_DEVICE_FAMILY = "1,2";
			};
			name = Debug;
		};
		261759332868255D00BE9B8C /* Release */ = {
			isa = XCBuildConfiguration;
			buildSettings = {
				ASSETCATALOG_COMPILER_APPICON_NAME = AppIcon;
				ASSETCATALOG_COMPILER_GLOBAL_ACCENT_COLOR_NAME = AccentColor;
				CODE_SIGN_STYLE = Automatic;
				CURRENT_PROJECT_VERSION = 1;
				GENERATE_INFOPLIST_FILE = YES;
				INFOPLIST_FILE = metal/Info.plist;
				INFOPLIST_KEY_UIApplicationSupportsIndirectInputEvents = YES;
				INFOPLIST_KEY_UILaunchStoryboardName = LaunchScreen;
				INFOPLIST_KEY_UIMainStoryboardFile = Main;
				INFOPLIST_KEY_UISupportedInterfaceOrientations_iPad = "UIInterfaceOrientationPortrait UIInterfaceOrientationPortraitUpsideDown UIInterfaceOrientationLandscapeLeft UIInterfaceOrientationLandscapeRight";
				INFOPLIST_KEY_UISupportedInterfaceOrientations_iPhone = "UIInterfaceOrientationPortrait UIInterfaceOrientationLandscapeLeft UIInterfaceOrientationLandscapeRight";
				IPHONEOS_DEPLOYMENT_TARGET = 12.0;
				LD_RUNPATH_SEARCH_PATHS = (
					"$(inherited)",
					"@executable_path/Frameworks",
				);
				MARKETING_VERSION = 1.0;
				PRODUCT_BUNDLE_IDENTIFIER = com.allen0828.metal.metal;
				PRODUCT_NAME = "$(TARGET_NAME)";
				SWIFT_EMIT_LOC_STRINGS = YES;
				TARGETED_DEVICE_FAMILY = "1,2";
			};
			name = Release;
		};
		2617594C2868268D00BE9B8C /* Debug */ = {
			isa = XCBuildConfiguration;
			buildSettings = {
				ASSETCATALOG_COMPILER_APPICON_NAME = AppIcon;
				ASSETCATALOG_COMPILER_GLOBAL_ACCENT_COLOR_NAME = AccentColor;
				CODE_SIGN_ENTITLEMENTS = "metal-mac/metal_mac.entitlements";
				CODE_SIGN_STYLE = Automatic;
				COMBINE_HIDPI_IMAGES = YES;
				CURRENT_PROJECT_VERSION = 1;
				GENERATE_INFOPLIST_FILE = YES;
				INFOPLIST_KEY_NSHumanReadableCopyright = "";
				INFOPLIST_KEY_NSMainStoryboardFile = Main;
				INFOPLIST_KEY_NSPrincipalClass = NSApplication;
				LD_RUNPATH_SEARCH_PATHS = (
					"$(inherited)",
					"@executable_path/../Frameworks",
				);
				MACOSX_DEPLOYMENT_TARGET = 11.0;
				MARKETING_VERSION = 1.0;
				PRODUCT_BUNDLE_IDENTIFIER = "com.allen0828.metal.metal-mac";
				PRODUCT_NAME = "$(TARGET_NAME)";
				SDKROOT = macosx;
				SWIFT_EMIT_LOC_STRINGS = YES;
			};
			name = Debug;
		};
		2617594D2868268D00BE9B8C /* Release */ = {
			isa = XCBuildConfiguration;
			buildSettings = {
				ASSETCATALOG_COMPILER_APPICON_NAME = AppIcon;
				ASSETCATALOG_COMPILER_GLOBAL_ACCENT_COLOR_NAME = AccentColor;
				CODE_SIGN_ENTITLEMENTS = "metal-mac/metal_mac.entitlements";
				CODE_SIGN_STYLE = Automatic;
				COMBINE_HIDPI_IMAGES = YES;
				CURRENT_PROJECT_VERSION = 1;
				GENERATE_INFOPLIST_FILE = YES;
				INFOPLIST_KEY_NSHumanReadableCopyright = "";
				INFOPLIST_KEY_NSMainStoryboardFile = Main;
				INFOPLIST_KEY_NSPrincipalClass = NSApplication;
				LD_RUNPATH_SEARCH_PATHS = (
					"$(inherited)",
					"@executable_path/../Frameworks",
				);
				MACOSX_DEPLOYMENT_TARGET = 11.0;
				MARKETING_VERSION = 1.0;
				PRODUCT_BUNDLE_IDENTIFIER = "com.allen0828.metal.metal-mac";
				PRODUCT_NAME = "$(TARGET_NAME)";
				SDKROOT = macosx;
				SWIFT_EMIT_LOC_STRINGS = YES;
			};
			name = Release;
		};
/* End XCBuildConfiguration section */

/* Begin XCConfigurationList section */
		261759132868255B00BE9B8C /* Build configuration list for PBXProject "metal" */ = {
			isa = XCConfigurationList;
			buildConfigurations = (
				2617592F2868255D00BE9B8C /* Debug */,
				261759302868255D00BE9B8C /* Release */,
			);
			defaultConfigurationIsVisible = 0;
			defaultConfigurationName = Release;
		};
		261759312868255D00BE9B8C /* Build configuration list for PBXNativeTarget "metal" */ = {
			isa = XCConfigurationList;
			buildConfigurations = (
				261759322868255D00BE9B8C /* Debug */,
				261759332868255D00BE9B8C /* Release */,
			);
			defaultConfigurationIsVisible = 0;
			defaultConfigurationName = Release;
		};
		2617594B2868268D00BE9B8C /* Build configuration list for PBXNativeTarget "metal-mac" */ = {
			isa = XCConfigurationList;
			buildConfigurations = (
				2617594C2868268D00BE9B8C /* Debug */,
				2617594D2868268D00BE9B8C /* Release */,
			);
			defaultConfigurationIsVisible = 0;
			defaultConfigurationName = Release;
		};
/* End XCConfigurationList section */
	};
	rootObject = 261759102868255B00BE9B8C /* Project object */;
}
